
Microsoft Visual Studio Solution File, Format Version 12.00
# Visual Studio Version 18
VisualStudioVersion = 18.0.11205.157 d18.0
MinimumVisualStudioVersion = 10.0.40219.1
Project("{FAE04EC0-301F-11D3-BF4B-00C04F79EFBC}") = "FormSubmissionApi", "FormSubmissionApi.csproj", "{247EBD9B-3E96-C240-A995-78B05F4A67DC}"
EndProject
Global
	GlobalSection(SolutionConfigurationPlatforms) = preSolution
		Debug|Any CPU = Debug|Any CPU
		Release|Any CPU = Release|Any CPU
	EndGlobalSection
	GlobalSection(ProjectConfigurationPlatforms) = postSolution
		{247EBD9B-3E96-C240-A995-78B05F4A67DC}.Debug|Any CPU.ActiveCfg = Debug|Any CPU
		{247EBD9B-3E96-C240-A995-78B05F4A67DC}.Debug|Any CPU.Build.0 = Debug|Any CPU
		{247EBD9B-3E96-C240-A995-78B05F4A67DC}.Release|Any CPU.ActiveCfg = Release|Any CPU
		{247EBD9B-3E96-C240-A995-78B05F4A67DC}.Release|Any CPU.Build.0 = Release|Any CPU
	EndGlobalSection
	GlobalSection(SolutionProperties) = preSolution
		HideSolutionNode = FALSE
	EndGlobalSection
	GlobalSection(ExtensibilityGlobals) = postSolution
		SolutionGuid = {C834FB4F-80DF-4D3C-8274-CF8366DC1490}
	EndGlobalSection
EndGlobal
